// !$*UTF8*$!
{
	archiveVersion = 1;
	classes = {
	};
	objectVersion = 46;
	objects = {

/* Begin PBXBuildFile section */
		18B684F706944F2000CC6A1E /* 4DPluginAPI.h in Headers */ = {isa = PBXBuildFile; fileRef = 18B684F006944F2000CC6A1E /* 4DPluginAPI.h */; };
		18B684F806944F2000CC6A1E /* EntryPoints.h in Headers */ = {isa = PBXBuildFile; fileRef = 18B684F106944F2000CC6A1E /* EntryPoints.h */; };
		18B684F906944F2000CC6A1E /* Flags.h in Headers */ = {isa = PBXBuildFile; fileRef = 18B684F206944F2000CC6A1E /* Flags.h */; };
		18B684FA06944F2000CC6A1E /* PrivateTypes.h in Headers */ = {isa = PBXBuildFile; fileRef = 18B684F306944F2000CC6A1E /* PrivateTypes.h */; };
		18B684FB06944F2000CC6A1E /* PublicTypes.h in Headers */ = {isa = PBXBuildFile; fileRef = 18B684F406944F2000CC6A1E /* PublicTypes.h */; };
		18B684FF06944F8800CC6A1E /* 4DPlugin.cpp in Sources */ = {isa = PBXBuildFile; fileRef = 18B684FE06944F8800CC6A1E /* 4DPlugin.cpp */; settings = {COMPILER_FLAGS = "-w"; }; };
		8D01CCC80486CAD60068D4B7 /* 4D Plugin_Prefix.pch in Headers */ = {isa = PBXBuildFile; fileRef = 32BAE0B30371A71500C91783 /* 4D Plugin_Prefix.pch */; };
		8D01CCCA0486CAD60068D4B7 /* InfoPlist.strings in Resources */ = {isa = PBXBuildFile; fileRef = 089C167DFE841241C02AAC07 /* InfoPlist.strings */; };
		D120937F13534DCC00A72CAA /* 4DPlugin.h in Headers */ = {isa = PBXBuildFile; fileRef = D120937E13534DCC00A72CAA /* 4DPlugin.h */; };
		D12A25F920FF1243005B3A55 /* libgobject-2.0.a in Frameworks */ = {isa = PBXBuildFile; fileRef = D12A25EA20FF1242005B3A55 /* libgobject-2.0.a */; };
		D12A25FA20FF1243005B3A55 /* libgthread-2.0.a in Frameworks */ = {isa = PBXBuildFile; fileRef = D12A25EB20FF1242005B3A55 /* libgthread-2.0.a */; };
		D12A25FB20FF1243005B3A55 /* libglib-2.0.a in Frameworks */ = {isa = PBXBuildFile; fileRef = D12A25EC20FF1242005B3A55 /* libglib-2.0.a */; };
		D12A25FC20FF1243005B3A55 /* libintl.a in Frameworks */ = {isa = PBXBuildFile; fileRef = D12A25ED20FF1242005B3A55 /* libintl.a */; };
		D12A25FE20FF1243005B3A55 /* libgmodule-2.0.a in Frameworks */ = {isa = PBXBuildFile; fileRef = D12A25EF20FF1242005B3A55 /* libgmodule-2.0.a */; };
		D12A25FF20FF1243005B3A55 /* libgpg-error.a in Frameworks */ = {isa = PBXBuildFile; fileRef = D12A25F020FF1243005B3A55 /* libgpg-error.a */; };
		D12A260020FF1243005B3A55 /* libiconv.a in Frameworks */ = {isa = PBXBuildFile; fileRef = D12A25F120FF1243005B3A55 /* libiconv.a */; };
		D12A260120FF1243005B3A55 /* libffi.a in Frameworks */ = {isa = PBXBuildFile; fileRef = D12A25F220FF1243005B3A55 /* libffi.a */; };
		D12A260220FF1243005B3A55 /* libidn.a in Frameworks */ = {isa = PBXBuildFile; fileRef = D12A25F320FF1243005B3A55 /* libidn.a */; };
		D12A260320FF1243005B3A55 /* libassuan.a in Frameworks */ = {isa = PBXBuildFile; fileRef = D12A25F420FF1243005B3A55 /* libassuan.a */; };
		D12A260420FF1243005B3A55 /* libgmime-3.0.a in Frameworks */ = {isa = PBXBuildFile; fileRef = D12A25F520FF1243005B3A55 /* libgmime-3.0.a */; };
		D12A260520FF1243005B3A55 /* libz.a in Frameworks */ = {isa = PBXBuildFile; fileRef = D12A25F620FF1243005B3A55 /* libz.a */; };
		D12A260620FF1243005B3A55 /* libgpgme.a in Frameworks */ = {isa = PBXBuildFile; fileRef = D12A25F720FF1243005B3A55 /* libgpgme.a */; };
		D12A260720FF1243005B3A55 /* libgio-2.0.a in Frameworks */ = {isa = PBXBuildFile; fileRef = D12A25F820FF1243005B3A55 /* libgio-2.0.a */; };
		D130064F12F02D9700702C0E /* Cocoa.framework in Frameworks */ = {isa = PBXBuildFile; fileRef = D130064E12F02D9700702C0E /* Cocoa.framework */; };
		D13116A91A03ACB700DE1322 /* 4DPluginAPI.c in Sources */ = {isa = PBXBuildFile; fileRef = D13116A81A03ACB700DE1322 /* 4DPluginAPI.c */; settings = {COMPILER_FLAGS = "-w"; }; };
		D13116C71A03B5B600DE1322 /* AppKit.framework in Frameworks */ = {isa = PBXBuildFile; fileRef = D13116C61A03B5B600DE1322 /* AppKit.framework */; };
		D134D4AC1A030BA0008D14EF /* manifest.json in CopyFiles */ = {isa = PBXBuildFile; fileRef = D134D4A91A030B06008D14EF /* manifest.json */; };
		D14B1D7F25C4880A00EDA41C /* libjson_methods.cpp in Sources */ = {isa = PBXBuildFile; fileRef = D14B1D7D25C4880A00EDA41C /* libjson_methods.cpp */; };
		D14B1D8025C4880A00EDA41C /* libjson_methods.h in Headers */ = {isa = PBXBuildFile; fileRef = D14B1D7E25C4880A00EDA41C /* libjson_methods.h */; };
		D14B1D8125C4897600EDA41C /* libjson.a in Frameworks */ = {isa = PBXBuildFile; fileRef = D12A25EE20FF1242005B3A55 /* libjson.a */; };
		D162F72D1EF7BDEE00E51DFB /* libresolv.dylib in Frameworks */ = {isa = PBXBuildFile; fileRef = D162F72C1EF7BDEE00E51DFB /* libresolv.dylib */; };
		D173985125C39417008AD5E8 /* 4DPlugin-JSON.cpp in Sources */ = {isa = PBXBuildFile; fileRef = D173984F25C39417008AD5E8 /* 4DPlugin-JSON.cpp */; };
		D173985225C39417008AD5E8 /* 4DPlugin-JSON.h in Headers */ = {isa = PBXBuildFile; fileRef = D173985025C39417008AD5E8 /* 4DPlugin-JSON.h */; };
		D173985425C394D9008AD5E8 /* json.h in Headers */ = {isa = PBXBuildFile; fileRef = D173985325C394D9008AD5E8 /* json.h */; };
		D173985C25C3BDC6008AD5E8 /* C_TYPES.h in Headers */ = {isa = PBXBuildFile; fileRef = D173985525C3BDC5008AD5E8 /* C_TYPES.h */; };
		D173985D25C3BDC6008AD5E8 /* C_LONGINT.h in Headers */ = {isa = PBXBuildFile; fileRef = D173985625C3BDC5008AD5E8 /* C_LONGINT.h */; };
		D173985E25C3BDC6008AD5E8 /* C_TEXT.h in Headers */ = {isa = PBXBuildFile; fileRef = D173985725C3BDC5008AD5E8 /* C_TEXT.h */; };
		D173985F25C3BDC6008AD5E8 /* C_TEXT.cpp in Sources */ = {isa = PBXBuildFile; fileRef = D173985825C3BDC5008AD5E8 /* C_TEXT.cpp */; };
		D173986025C3BDC6008AD5E8 /* C_BLOB.h in Headers */ = {isa = PBXBuildFile; fileRef = D173985925C3BDC5008AD5E8 /* C_BLOB.h */; };
		D173986125C3BDC6008AD5E8 /* C_LONGINT.cpp in Sources */ = {isa = PBXBuildFile; fileRef = D173985A25C3BDC6008AD5E8 /* C_LONGINT.cpp */; };
		D173986225C3BDC6008AD5E8 /* C_BLOB.cpp in Sources */ = {isa = PBXBuildFile; fileRef = D173985B25C3BDC6008AD5E8 /* C_BLOB.cpp */; };
		D173986425C3C2CB008AD5E8 /* libjsoncpp.a in Frameworks */ = {isa = PBXBuildFile; fileRef = D173986325C3C2CB008AD5E8 /* libjsoncpp.a */; };
		D175D9CD1A02E8DD0006B569 /* CoreGraphics.framework in Frameworks */ = {isa = PBXBuildFile; fileRef = D175D9CC1A02E8DD0006B569 /* CoreGraphics.framework */; };
/* End PBXBuildFile section */

/* Begin PBXCopyFilesBuildPhase section */
		D134D4AB1A030B7A008D14EF /* CopyFiles */ = {
			isa = PBXCopyFilesBuildPhase;
			buildActionMask = 2147483647;
			dstPath = "";
			dstSubfolderSpec = 7;
			files = (
				D134D4AC1A030BA0008D14EF /* manifest.json in CopyFiles */,
			);
			runOnlyForDeploymentPostprocessing = 0;
		};
/* End PBXCopyFilesBuildPhase section */

/* Begin PBXFileReference section */
		089C167EFE841241C02AAC07 /* English */ = {isa = PBXFileReference; fileEncoding = 4; lastKnownFileType = text.plist.strings; name = English; path = English.lproj/InfoPlist.strings; sourceTree = "<group>"; };
		189286350695AD8900B05D6E /* MIME.bundle */ = {isa = PBXFileReference; explicitFileType = wrapper.cfbundle; includeInIndex = 0; path = MIME.bundle; sourceTree = BUILT_PRODUCTS_DIR; };
		18B684F006944F2000CC6A1E /* 4DPluginAPI.h */ = {isa = PBXFileReference; fileEncoding = 30; lastKnownFileType = sourcecode.c.h; path = 4DPluginAPI.h; sourceTree = "<group>"; };
		18B684F106944F2000CC6A1E /* EntryPoints.h */ = {isa = PBXFileReference; fileEncoding = 30; lastKnownFileType = sourcecode.c.h; path = EntryPoints.h; sourceTree = "<group>"; };
		18B684F206944F2000CC6A1E /* Flags.h */ = {isa = PBXFileReference; fileEncoding = 30; lastKnownFileType = sourcecode.c.h; path = Flags.h; sourceTree = "<group>"; };
		18B684F306944F2000CC6A1E /* PrivateTypes.h */ = {isa = PBXFileReference; fileEncoding = 30; lastKnownFileType = sourcecode.c.h; path = PrivateTypes.h; sourceTree = "<group>"; };
		18B684F406944F2000CC6A1E /* PublicTypes.h */ = {isa = PBXFileReference; fileEncoding = 30; lastKnownFileType = sourcecode.c.h; path = PublicTypes.h; sourceTree = "<group>"; };
		18B684FE06944F8800CC6A1E /* 4DPlugin.cpp */ = {isa = PBXFileReference; explicitFileType = sourcecode.cpp.objcpp; fileEncoding = 30; path = 4DPlugin.cpp; sourceTree = "<group>"; };
		32BAE0B30371A71500C91783 /* 4D Plugin_Prefix.pch */ = {isa = PBXFileReference; fileEncoding = 4; lastKnownFileType = sourcecode.c.h; path = "4D Plugin_Prefix.pch"; sourceTree = "<group>"; };
		8D01CCD10486CAD60068D4B7 /* Info.plist */ = {isa = PBXFileReference; fileEncoding = 4; lastKnownFileType = text.plist; path = Info.plist; sourceTree = "<group>"; };
		D120937E13534DCC00A72CAA /* 4DPlugin.h */ = {isa = PBXFileReference; fileEncoding = 4; lastKnownFileType = sourcecode.c.h; path = 4DPlugin.h; sourceTree = "<group>"; };
		D12A25EA20FF1242005B3A55 /* libgobject-2.0.a */ = {isa = PBXFileReference; lastKnownFileType = archive.ar; name = "libgobject-2.0.a"; path = "a/libgobject-2.0.a"; sourceTree = SOURCE_ROOT; };
		D12A25EB20FF1242005B3A55 /* libgthread-2.0.a */ = {isa = PBXFileReference; lastKnownFileType = archive.ar; name = "libgthread-2.0.a"; path = "a/libgthread-2.0.a"; sourceTree = SOURCE_ROOT; };
		D12A25EC20FF1242005B3A55 /* libglib-2.0.a */ = {isa = PBXFileReference; lastKnownFileType = archive.ar; name = "libglib-2.0.a"; path = "a/libglib-2.0.a"; sourceTree = SOURCE_ROOT; };
		D12A25ED20FF1242005B3A55 /* libintl.a */ = {isa = PBXFileReference; lastKnownFileType = archive.ar; name = libintl.a; path = a/libintl.a; sourceTree = SOURCE_ROOT; };
		D12A25EE20FF1242005B3A55 /* libjson.a */ = {isa = PBXFileReference; lastKnownFileType = archive.ar; name = libjson.a; path = a/libjson.a; sourceTree = SOURCE_ROOT; };
		D12A25EF20FF1242005B3A55 /* libgmodule-2.0.a */ = {isa = PBXFileReference; lastKnownFileType = archive.ar; name = "libgmodule-2.0.a"; path = "a/libgmodule-2.0.a"; sourceTree = SOURCE_ROOT; };
		D12A25F020FF1243005B3A55 /* libgpg-error.a */ = {isa = PBXFileReference; lastKnownFileType = archive.ar; name = "libgpg-error.a"; path = "a/libgpg-error.a"; sourceTree = SOURCE_ROOT; };
		D12A25F120FF1243005B3A55 /* libiconv.a */ = {isa = PBXFileReference; lastKnownFileType = archive.ar; name = libiconv.a; path = a/libiconv.a; sourceTree = SOURCE_ROOT; };
		D12A25F220FF1243005B3A55 /* libffi.a */ = {isa = PBXFileReference; lastKnownFileType = archive.ar; name = libffi.a; path = a/libffi.a; sourceTree = SOURCE_ROOT; };
		D12A25F320FF1243005B3A55 /* libidn.a */ = {isa = PBXFileReference; lastKnownFileType = archive.ar; name = libidn.a; path = a/libidn.a; sourceTree = SOURCE_ROOT; };
		D12A25F420FF1243005B3A55 /* libassuan.a */ = {isa = PBXFileReference; lastKnownFileType = archive.ar; name = libassuan.a; path = a/libassuan.a; sourceTree = SOURCE_ROOT; };
		D12A25F520FF1243005B3A55 /* libgmime-3.0.a */ = {isa = PBXFileReference; lastKnownFileType = archive.ar; name = "libgmime-3.0.a"; path = "a/libgmime-3.0.a"; sourceTree = SOURCE_ROOT; };
		D12A25F620FF1243005B3A55 /* libz.a */ = {isa = PBXFileReference; lastKnownFileType = archive.ar; name = libz.a; path = a/libz.a; sourceTree = SOURCE_ROOT; };
		D12A25F720FF1243005B3A55 /* libgpgme.a */ = {isa = PBXFileReference; lastKnownFileType = archive.ar; name = libgpgme.a; path = a/libgpgme.a; sourceTree = SOURCE_ROOT; };
		D12A25F820FF1243005B3A55 /* libgio-2.0.a */ = {isa = PBXFileReference; lastKnownFileType = archive.ar; name = "libgio-2.0.a"; path = "a/libgio-2.0.a"; sourceTree = SOURCE_ROOT; };
		D130064E12F02D9700702C0E /* Cocoa.framework */ = {isa = PBXFileReference; lastKnownFileType = wrapper.framework; name = Cocoa.framework; path = /System/Library/Frameworks/Cocoa.framework; sourceTree = "<absolute>"; };
		D13116A81A03ACB700DE1322 /* 4DPluginAPI.c */ = {isa = PBXFileReference; explicitFileType = sourcecode.cpp.objcpp; fileEncoding = 4; path = 4DPluginAPI.c; sourceTree = "<group>"; };
		D13116C61A03B5B600DE1322 /* AppKit.framework */ = {isa = PBXFileReference; lastKnownFileType = wrapper.framework; name = AppKit.framework; path = System/Library/Frameworks/AppKit.framework; sourceTree = SDKROOT; };
		D134D4A91A030B06008D14EF /* manifest.json */ = {isa = PBXFileReference; fileEncoding = 4; lastKnownFileType = text.json; path = manifest.json; sourceTree = "<group>"; };
		D14B1D7D25C4880A00EDA41C /* libjson_methods.cpp */ = {isa = PBXFileReference; explicitFileType = sourcecode.cpp.objcpp; fileEncoding = 4; name = libjson_methods.cpp; path = include/libjson_methods.cpp; sourceTree = "<group>"; };
		D14B1D7E25C4880A00EDA41C /* libjson_methods.h */ = {isa = PBXFileReference; fileEncoding = 4; lastKnownFileType = sourcecode.c.h; name = libjson_methods.h; path = include/libjson_methods.h; sourceTree = "<group>"; };
		D14D10DD1A03A8A5008B3411 /* constants.xlf */ = {isa = PBXFileReference; fileEncoding = 4; lastKnownFileType = text.xml; path = constants.xlf; sourceTree = "<group>"; };
		D162F72C1EF7BDEE00E51DFB /* libresolv.dylib */ = {isa = PBXFileReference; lastKnownFileType = "compiled.mach-o.dylib"; name = libresolv.dylib; path = usr/lib/libresolv.dylib; sourceTree = SDKROOT; };
		D173984F25C39417008AD5E8 /* 4DPlugin-JSON.cpp */ = {isa = PBXFileReference; explicitFileType = sourcecode.cpp.objcpp; fileEncoding = 4; path = "4DPlugin-JSON.cpp"; sourceTree = SOURCE_ROOT; };
		D173985025C39417008AD5E8 /* 4DPlugin-JSON.h */ = {isa = PBXFileReference; fileEncoding = 4; lastKnownFileType = sourcecode.c.h; path = "4DPlugin-JSON.h"; sourceTree = SOURCE_ROOT; };
		D173985325C394D9008AD5E8 /* json.h */ = {isa = PBXFileReference; fileEncoding = 4; lastKnownFileType = sourcecode.c.h; name = json.h; path = include/json/json.h; sourceTree = SOURCE_ROOT; };
		D173985525C3BDC5008AD5E8 /* C_TYPES.h */ = {isa = PBXFileReference; fileEncoding = 4; lastKnownFileType = sourcecode.c.h; name = C_TYPES.h; path = "4D Plugin API/Classes/C_TYPES.h"; sourceTree = "<group>"; };
		D173985625C3BDC5008AD5E8 /* C_LONGINT.h */ = {isa = PBXFileReference; fileEncoding = 4; lastKnownFileType = sourcecode.c.h; name = C_LONGINT.h; path = "4D Plugin API/Classes/C_LONGINT.h"; sourceTree = "<group>"; };
		D173985725C3BDC5008AD5E8 /* C_TEXT.h */ = {isa = PBXFileReference; fileEncoding = 4; lastKnownFileType = sourcecode.c.h; name = C_TEXT.h; path = "4D Plugin API/Classes/C_TEXT.h"; sourceTree = "<group>"; };
		D173985825C3BDC5008AD5E8 /* C_TEXT.cpp */ = {isa = PBXFileReference; explicitFileType = sourcecode.cpp.objcpp; fileEncoding = 4; name = C_TEXT.cpp; path = "4D Plugin API/Classes/C_TEXT.cpp"; sourceTree = "<group>"; };
		D173985925C3BDC5008AD5E8 /* C_BLOB.h */ = {isa = PBXFileReference; fileEncoding = 4; lastKnownFileType = sourcecode.c.h; name = C_BLOB.h; path = "4D Plugin API/Classes/C_BLOB.h"; sourceTree = "<group>"; };
		D173985A25C3BDC6008AD5E8 /* C_LONGINT.cpp */ = {isa = PBXFileReference; explicitFileType = sourcecode.cpp.objcpp; fileEncoding = 4; name = C_LONGINT.cpp; path = "4D Plugin API/Classes/C_LONGINT.cpp"; sourceTree = "<group>"; };
		D173985B25C3BDC6008AD5E8 /* C_BLOB.cpp */ = {isa = PBXFileReference; explicitFileType = sourcecode.cpp.objcpp; fileEncoding = 4; name = C_BLOB.cpp; path = "4D Plugin API/Classes/C_BLOB.cpp"; sourceTree = "<group>"; };
		D173986325C3C2CB008AD5E8 /* libjsoncpp.a */ = {isa = PBXFileReference; lastKnownFileType = archive.ar; name = libjsoncpp.a; path = a/libjsoncpp.a; sourceTree = "<group>"; };
		D175D9CC1A02E8DD0006B569 /* CoreGraphics.framework */ = {isa = PBXFileReference; lastKnownFileType = wrapper.framework; name = CoreGraphics.framework; path = System/Library/Frameworks/CoreGraphics.framework; sourceTree = SDKROOT; };
/* End PBXFileReference section */

/* Begin PBXFrameworksBuildPhase section */
		8D01CCCD0486CAD60068D4B7 /* Frameworks */ = {
			isa = PBXFrameworksBuildPhase;
			buildActionMask = 2147483647;
			files = (
				D173986425C3C2CB008AD5E8 /* libjsoncpp.a in Frameworks */,
				D14B1D8125C4897600EDA41C /* libjson.a in Frameworks */,
				D162F72D1EF7BDEE00E51DFB /* libresolv.dylib in Frameworks */,
				D12A260420FF1243005B3A55 /* libgmime-3.0.a in Frameworks */,
				D12A260120FF1243005B3A55 /* libffi.a in Frameworks */,
				D12A260720FF1243005B3A55 /* libgio-2.0.a in Frameworks */,
				D12A25FB20FF1243005B3A55 /* libglib-2.0.a in Frameworks */,
				D12A260520FF1243005B3A55 /* libz.a in Frameworks */,
				D13116C71A03B5B600DE1322 /* AppKit.framework in Frameworks */,
				D12A25FA20FF1243005B3A55 /* libgthread-2.0.a in Frameworks */,
				D12A260320FF1243005B3A55 /* libassuan.a in Frameworks */,
				D12A25F920FF1243005B3A55 /* libgobject-2.0.a in Frameworks */,
				D12A260220FF1243005B3A55 /* libidn.a in Frameworks */,
				D12A25FE20FF1243005B3A55 /* libgmodule-2.0.a in Frameworks */,
				D12A260020FF1243005B3A55 /* libiconv.a in Frameworks */,
				D175D9CD1A02E8DD0006B569 /* CoreGraphics.framework in Frameworks */,
				D12A260620FF1243005B3A55 /* libgpgme.a in Frameworks */,
				D12A25FF20FF1243005B3A55 /* libgpg-error.a in Frameworks */,
				D12A25FC20FF1243005B3A55 /* libintl.a in Frameworks */,
				D130064F12F02D9700702C0E /* Cocoa.framework in Frameworks */,
			);
			runOnlyForDeploymentPostprocessing = 0;
		};
/* End PBXFrameworksBuildPhase section */

/* Begin PBXGroup section */
		089C166AFE841209C02AAC07 /* MIME */ = {
			isa = PBXGroup;
			children = (
				D173985325C394D9008AD5E8 /* json.h */,
				D173984F25C39417008AD5E8 /* 4DPlugin-JSON.cpp */,
				D173985025C39417008AD5E8 /* 4DPlugin-JSON.h */,
				D173985B25C3BDC6008AD5E8 /* C_BLOB.cpp */,
				D173985925C3BDC5008AD5E8 /* C_BLOB.h */,
				D173985A25C3BDC6008AD5E8 /* C_LONGINT.cpp */,
				D173985625C3BDC5008AD5E8 /* C_LONGINT.h */,
				D173985825C3BDC5008AD5E8 /* C_TEXT.cpp */,
				D173985725C3BDC5008AD5E8 /* C_TEXT.h */,
				D173985525C3BDC5008AD5E8 /* C_TYPES.h */,
				D162F70C1EF7BCEB00E51DFB /* a */,
				D108BD7A1A03D1E6001F1B90 /* Manifest */,
				08FB77ADFE841716C02AAC07 /* Source */,
				089C167CFE841241C02AAC07 /* Resources */,
				089C1671FE841209C02AAC07 /* External Frameworks and Libraries */,
				189286360695AD8900B05D6E /* Products */,
				D162F72B1EF7BDED00E51DFB /* Frameworks */,
			);
			name = MIME;
			sourceTree = "<group>";
		};
		089C1671FE841209C02AAC07 /* External Frameworks and Libraries */ = {
			isa = PBXGroup;
			children = (
				D13116C61A03B5B600DE1322 /* AppKit.framework */,
				D175D9CC1A02E8DD0006B569 /* CoreGraphics.framework */,
				D130064E12F02D9700702C0E /* Cocoa.framework */,
			);
			name = "External Frameworks and Libraries";
			sourceTree = "<group>";
		};
		089C167CFE841241C02AAC07 /* Resources */ = {
			isa = PBXGroup;
			children = (
				8D01CCD10486CAD60068D4B7 /* Info.plist */,
				089C167DFE841241C02AAC07 /* InfoPlist.strings */,
			);
			name = Resources;
			sourceTree = "<group>";
		};
		08FB77ADFE841716C02AAC07 /* Source */ = {
			isa = PBXGroup;
			children = (
				18B684FE06944F8800CC6A1E /* 4DPlugin.cpp */,
				D120937E13534DCC00A72CAA /* 4DPlugin.h */,
				D14B1D7D25C4880A00EDA41C /* libjson_methods.cpp */,
				D14B1D7E25C4880A00EDA41C /* libjson_methods.h */,
				18B684ED06944F2000CC6A1E /* 4D Plugin API */,
				32BAE0B30371A71500C91783 /* 4D Plugin_Prefix.pch */,
			);
			name = Source;
			sourceTree = "<group>";
		};
		189286360695AD8900B05D6E /* Products */ = {
			isa = PBXGroup;
			children = (
				189286350695AD8900B05D6E /* MIME.bundle */,
			);
			name = Products;
			sourceTree = "<group>";
		};
		18B684ED06944F2000CC6A1E /* 4D Plugin API */ = {
			isa = PBXGroup;
			children = (
				D13116A81A03ACB700DE1322 /* 4DPluginAPI.c */,
				18B684F006944F2000CC6A1E /* 4DPluginAPI.h */,
				18B684F106944F2000CC6A1E /* EntryPoints.h */,
				18B684F206944F2000CC6A1E /* Flags.h */,
				18B684F306944F2000CC6A1E /* PrivateTypes.h */,
				18B684F406944F2000CC6A1E /* PublicTypes.h */,
			);
			path = "4D Plugin API";
			sourceTree = "<group>";
		};
		D108BD7A1A03D1E6001F1B90 /* Manifest */ = {
			isa = PBXGroup;
			children = (
				D134D4A91A030B06008D14EF /* manifest.json */,
				D14D10DD1A03A8A5008B3411 /* constants.xlf */,
			);
			name = Manifest;
			sourceTree = "<group>";
		};
		D162F70C1EF7BCEB00E51DFB /* a */ = {
			isa = PBXGroup;
			children = (
				D12A25F420FF1243005B3A55 /* libassuan.a */,
				D12A25F220FF1243005B3A55 /* libffi.a */,
				D12A25F820FF1243005B3A55 /* libgio-2.0.a */,
				D12A25EC20FF1242005B3A55 /* libglib-2.0.a */,
				D12A25F520FF1243005B3A55 /* libgmime-3.0.a */,
				D12A25EF20FF1242005B3A55 /* libgmodule-2.0.a */,
				D12A25EA20FF1242005B3A55 /* libgobject-2.0.a */,
				D12A25F020FF1243005B3A55 /* libgpg-error.a */,
				D12A25F720FF1243005B3A55 /* libgpgme.a */,
				D12A25EB20FF1242005B3A55 /* libgthread-2.0.a */,
				D12A25F120FF1243005B3A55 /* libiconv.a */,
				D12A25F320FF1243005B3A55 /* libidn.a */,
				D12A25ED20FF1242005B3A55 /* libintl.a */,
				D12A25EE20FF1242005B3A55 /* libjson.a */,
				D12A25F620FF1243005B3A55 /* libz.a */,
			);
			name = a;
			path = stdc/a;
			sourceTree = "<group>";
		};
		D162F72B1EF7BDED00E51DFB /* Frameworks */ = {
			isa = PBXGroup;
			children = (
				D173986325C3C2CB008AD5E8 /* libjsoncpp.a */,
				D162F72C1EF7BDEE00E51DFB /* libresolv.dylib */,
			);
			name = Frameworks;
			sourceTree = "<group>";
		};
/* End PBXGroup section */

/* Begin PBXHeadersBuildPhase section */
		8D01CCC70486CAD60068D4B7 /* Headers */ = {
			isa = PBXHeadersBuildPhase;
			buildActionMask = 2147483647;
			files = (
				D173985425C394D9008AD5E8 /* json.h in Headers */,
				8D01CCC80486CAD60068D4B7 /* 4D Plugin_Prefix.pch in Headers */,
				18B684F706944F2000CC6A1E /* 4DPluginAPI.h in Headers */,
				18B684F806944F2000CC6A1E /* EntryPoints.h in Headers */,
				18B684F906944F2000CC6A1E /* Flags.h in Headers */,
				D14B1D8025C4880A00EDA41C /* libjson_methods.h in Headers */,
				D173985E25C3BDC6008AD5E8 /* C_TEXT.h in Headers */,
				D173986025C3BDC6008AD5E8 /* C_BLOB.h in Headers */,
				18B684FA06944F2000CC6A1E /* PrivateTypes.h in Headers */,
				D173985C25C3BDC6008AD5E8 /* C_TYPES.h in Headers */,
				18B684FB06944F2000CC6A1E /* PublicTypes.h in Headers */,
				D173985D25C3BDC6008AD5E8 /* C_LONGINT.h in Headers */,
				D173985225C39417008AD5E8 /* 4DPlugin-JSON.h in Headers */,
				D120937F13534DCC00A72CAA /* 4DPlugin.h in Headers */,
			);
			runOnlyForDeploymentPostprocessing = 0;
		};
/* End PBXHeadersBuildPhase section */

/* Begin PBXNativeTarget section */
		8D01CCC60486CAD60068D4B7 /* MIME */ = {
			isa = PBXNativeTarget;
			buildConfigurationList = 42D60B3F0A9DDBC8002ABB42 /* Build configuration list for PBXNativeTarget "MIME" */;
			buildPhases = (
				8D01CCC70486CAD60068D4B7 /* Headers */,
				8D01CCC90486CAD60068D4B7 /* Resources */,
				D134D4AB1A030B7A008D14EF /* CopyFiles */,
				8D01CCCB0486CAD60068D4B7 /* Sources */,
				8D01CCCD0486CAD60068D4B7 /* Frameworks */,
				8D01CCCF0486CAD60068D4B7 /* Rez */,
				D1BB1B8523517E260013FC00 /* ShellScript */,
			);
			buildRules = (
			);
			dependencies = (
			);
			name = MIME;
			productInstallPath = "$(HOME)/Library/Bundles";
			productName = MIME;
			productReference = 189286350695AD8900B05D6E /* MIME.bundle */;
			productType = "com.apple.product-type.bundle";
		};
/* End PBXNativeTarget section */

/* Begin PBXProject section */
		089C1669FE841209C02AAC07 /* Project object */ = {
			isa = PBXProject;
			attributes = {
				LastUpgradeCheck = 0940;
				TargetAttributes = {
					8D01CCC60486CAD60068D4B7 = {
						DevelopmentTeam = Y69CWUC25B;
						ProvisioningStyle = Manual;
					};
				};
			};
			buildConfigurationList = 42D60B430A9DDBC8002ABB42 /* Build configuration list for PBXProject "MIME" */;
			compatibilityVersion = "Xcode 3.2";
			developmentRegion = English;
			hasScannedForEncodings = 1;
			knownRegions = (
				English,
				Japanese,
				French,
				German,
			);
			mainGroup = 089C166AFE841209C02AAC07 /* MIME */;
			productRefGroup = 189286360695AD8900B05D6E /* Products */;
			projectDirPath = "";
			projectRoot = "";
			targets = (
				8D01CCC60486CAD60068D4B7 /* MIME */,
			);
		};
/* End PBXProject section */

/* Begin PBXResourcesBuildPhase section */
		8D01CCC90486CAD60068D4B7 /* Resources */ = {
			isa = PBXResourcesBuildPhase;
			buildActionMask = 2147483647;
			files = (
				8D01CCCA0486CAD60068D4B7 /* InfoPlist.strings in Resources */,
			);
			runOnlyForDeploymentPostprocessing = 0;
		};
/* End PBXResourcesBuildPhase section */

/* Begin PBXRezBuildPhase section */
		8D01CCCF0486CAD60068D4B7 /* Rez */ = {
			isa = PBXRezBuildPhase;
			buildActionMask = 2147483647;
			files = (
			);
			runOnlyForDeploymentPostprocessing = 0;
		};
/* End PBXRezBuildPhase section */

/* Begin PBXShellScriptBuildPhase section */
		D1BB1B8523517E260013FC00 /* ShellScript */ = {
			isa = PBXShellScriptBuildPhase;
			buildActionMask = 2147483647;
			files = (
			);
			inputFileListPaths = (
			);
			inputPaths = (
			);
			outputFileListPaths = (
			);
			outputPaths = (
			);
			runOnlyForDeploymentPostprocessing = 0;
			shellPath = /bin/sh;
			shellScript = "if test \"$CONFIGURATION\" == 'Deployment'; then\n\n    USER_NAME=keisuke.miyako@4d.com\n    UUID=`uuidgen | tr -d - | tr -d '\\n' | tr '[:upper:]' '[:lower:]'`\n    DEVELOPER_ID=`security find-identity -p codesigning -v | egrep 'Developer ID Application[^\"]+' -o`\n    PRODUCT_PATH=\"$CODESIGNING_FOLDER_PATH\"\n    \n    #clean\n    xattr -cr \"$PRODUCT_PATH\"\n    codesign --remove-signature \"$PRODUCT_PATH\"\n    \n    #sign\n    codesign --verbose --deep --timestamp --force --sign \"$DEVELOPER_ID\" \"$PRODUCT_PATH\"\n    \n    #archive\n    DMG_PATH=\"$PROJECT_DIR/$PRODUCT_NAME.dmg\"\n    ZIP_PATH=\"$PROJECT_DIR/$PRODUCT_NAME.zip\" #for windows\n    rm -f \"$DMG_PATH\"\n    hdiutil create -format UDBZ -plist -srcfolder \"$PRODUCT_PATH\" \"$DMG_PATH\"\n    rm -f \"$ZIP_PATH\"\n    ditto -c -k --keepParent \"$PRODUCT_PATH\" \"$ZIP_PATH\"\n    \n    # must staple the same dmg that was submitted for notarisation\n    # to staple the bundle inside the dmg too,\n    # one must:\n    # sign the bundle\n    # archive the bundle and notarise the dmg\n    # staple the bundle\n    # archive the bundle and notarise the dmg again\n    # staple the dmg\n    # here, we just staple the dmg. it should be sufficient    \n    \n    #round 2\n    echo \"# staple only the dmg\"\n    echo \"\\r\"\n    echo \"xcrun stapler staple \\\"$DMG_PATH\\\"\"\n    echo \"\\r\"\n    \n    #round 3 (optional)\n    echo \"# staple the bundle and the dmg\"\n    echo \"\\r\"\n    echo \"xcrun stapler staple \\\"$PRODUCT_PATH\\\"\"\n    echo \"rm -f \\\"$DMG_PATH\\\"\"\n    echo \"hdiutil create -format UDBZ -plist -srcfolder  \\\"$PRODUCT_PATH\\\" \\\"$DMG_PATH\\\" \"\n    echo \"xcrun altool --notarize-app --file \\\"$DMG_PATH\\\" --username \\\"$USER_NAME\\\" --password \\\"@keychain:altool\\\" --primary-bundle-id $PRODUCT_BUNDLE_IDENTIFIER.$UUID\"\n    echo \"\\r\"\n    \n    #round 1\n    xcrun altool --notarize-app --file \"$DMG_PATH\" --username \"$USER_NAME\" --password \"@keychain:altool\" --primary-bundle-id $PRODUCT_BUNDLE_IDENTIFIER.$UUID\n    \n    #for round 3    \n    UUID=`uuidgen | tr -d - | tr -d '\\n' | tr '[:upper:]' '[:lower:]'`\nelse\n    echo \"No notarization performed as this is not a release build.\"\nfi\n";
		};
/* End PBXShellScriptBuildPhase section */

/* Begin PBXSourcesBuildPhase section */
		8D01CCCB0486CAD60068D4B7 /* Sources */ = {
			isa = PBXSourcesBuildPhase;
			buildActionMask = 2147483647;
			files = (
				D14B1D7F25C4880A00EDA41C /* libjson_methods.cpp in Sources */,
				D173986225C3BDC6008AD5E8 /* C_BLOB.cpp in Sources */,
				18B684FF06944F8800CC6A1E /* 4DPlugin.cpp in Sources */,
				D173985125C39417008AD5E8 /* 4DPlugin-JSON.cpp in Sources */,
				D173985F25C3BDC6008AD5E8 /* C_TEXT.cpp in Sources */,
				D13116A91A03ACB700DE1322 /* 4DPluginAPI.c in Sources */,
				D173986125C3BDC6008AD5E8 /* C_LONGINT.cpp in Sources */,
			);
			runOnlyForDeploymentPostprocessing = 0;
		};
/* End PBXSourcesBuildPhase section */

/* Begin PBXVariantGroup section */
		089C167DFE841241C02AAC07 /* InfoPlist.strings */ = {
			isa = PBXVariantGroup;
			children = (
				089C167EFE841241C02AAC07 /* English */,
			);
			name = InfoPlist.strings;
			sourceTree = "<group>";
		};
/* End PBXVariantGroup section */

/* Begin XCBuildConfiguration section */
		42D60B400A9DDBC8002ABB42 /* Development */ = {
			isa = XCBuildConfiguration;
			buildSettings = {
				ARCHS = "$(ARCHS_STANDARD)";
				CLANG_CXX_LIBRARY = "libc++";
				CLANG_LINK_OBJC_RUNTIME = NO;
				CODE_SIGN_IDENTITY = "";
				CODE_SIGN_STYLE = Manual;
				COMBINE_HIDPI_IMAGES = YES;
				COPY_PHASE_STRIP = NO;
				CURRENT_PROJECT_VERSION = 4.1.0;
				DEBUGGING_SYMBOLS = YES;
				DEPLOYMENT_LOCATION = NO;
				DEVELOPMENT_TEAM = Y69CWUC25B;
				FRAMEWORK_SEARCH_PATHS = "";
				GCC_DYNAMIC_NO_PIC = NO;
				GCC_ENABLE_FIX_AND_CONTINUE = YES;
				GCC_ENABLE_TRIGRAPHS = NO;
				GCC_GENERATE_DEBUGGING_SYMBOLS = YES;
				GCC_OPTIMIZATION_LEVEL = 0;
				GCC_PRECOMPILE_PREFIX_HEADER = YES;
				GCC_PREFIX_HEADER = "4D Plugin_Prefix.pch";
				GCC_WARN_ABOUT_MISSING_PROTOTYPES = NO;
				GCC_WARN_FOUR_CHARACTER_CONSTANTS = NO;
				GCC_WARN_UNKNOWN_PRAGMAS = NO;
				HEADER_SEARCH_PATHS = "";
				INFOPLIST_FILE = Info.plist;
				INSTALL_PATH = "$(HOME)/Library/Bundles";
				LIBRARY_SEARCH_PATHS = (
					"$(PROJECT_DIR)/stdc/a",
					"$(PROJECT_DIR)/a",
				);
				LIBRARY_STYLE = Bundle;
				OTHER_CFLAGS = "";
				OTHER_LDFLAGS = "";
				OTHER_REZFLAGS = "";
				PRODUCT_BUNDLE_IDENTIFIER = com.4D.MIME;
				PRODUCT_NAME = MIME;
				PROVISIONING_PROFILE_SPECIFIER = "";
				SECTORDER_FLAGS = "";
				USER_HEADER_SEARCH_PATHS = "include/gmime-3.0 include/glib-2.0 include/libjson";
				WARNING_CFLAGS = (
					"-Wmost",
					"-Wno-four-char-constants",
					"-Wno-unknown-pragmas",
				);
				WRAPPER_EXTENSION = bundle;
				ZERO_LINK = YES;
			};
			name = Development;
		};
		42D60B410A9DDBC8002ABB42 /* Deployment */ = {
			isa = XCBuildConfiguration;
			buildSettings = {
				ARCHS = "$(ARCHS_STANDARD)";
				CLANG_CXX_LIBRARY = "libc++";
				CLANG_LINK_OBJC_RUNTIME = NO;
				CODE_SIGN_IDENTITY = "";
				CODE_SIGN_STYLE = Manual;
				COMBINE_HIDPI_IMAGES = YES;
				COPY_PHASE_STRIP = YES;
				CURRENT_PROJECT_VERSION = 4.1.0;
				DEPLOYMENT_LOCATION = NO;
				DEVELOPMENT_TEAM = Y69CWUC25B;
				FRAMEWORK_SEARCH_PATHS = "";
				GCC_ENABLE_FIX_AND_CONTINUE = NO;
				GCC_ENABLE_TRIGRAPHS = NO;
				GCC_GENERATE_DEBUGGING_SYMBOLS = NO;
				GCC_PRECOMPILE_PREFIX_HEADER = YES;
				GCC_PREFIX_HEADER = "4D Plugin_Prefix.pch";
				GCC_PREPROCESSOR_DEFINITIONS_NOT_USED_IN_PRECOMPS = NDEBUG;
				GCC_WARN_ABOUT_MISSING_PROTOTYPES = NO;
				GCC_WARN_FOUR_CHARACTER_CONSTANTS = NO;
				GCC_WARN_UNKNOWN_PRAGMAS = NO;
				HEADER_SEARCH_PATHS = "";
				INFOPLIST_FILE = Info.plist;
				INSTALL_PATH = "$(HOME)/Library/Bundles";
				LIBRARY_SEARCH_PATHS = (
					"$(PROJECT_DIR)/stdc/a",
					"$(PROJECT_DIR)/a",
				);
				LIBRARY_STYLE = Bundle;
				OTHER_CFLAGS = "";
				OTHER_LDFLAGS = "";
				OTHER_REZFLAGS = "";
				PRODUCT_BUNDLE_IDENTIFIER = com.4D.MIME;
				PRODUCT_NAME = MIME;
				PROVISIONING_PROFILE_SPECIFIER = "";
				SECTORDER_FLAGS = "";
				USER_HEADER_SEARCH_PATHS = "include/gmime-3.0 include/glib-2.0 include/libjson";
				WARNING_CFLAGS = (
					"-Wmost",
					"-Wno-four-char-constants",
					"-Wno-unknown-pragmas",
				);
				WRAPPER_EXTENSION = bundle;
				ZERO_LINK = NO;
			};
			name = Deployment;
		};
		42D60B420A9DDBC8002ABB42 /* Default */ = {
			isa = XCBuildConfiguration;
			buildSettings = {
				ARCHS = "$(ARCHS_STANDARD)";
				CLANG_CXX_LIBRARY = "libc++";
				CLANG_LINK_OBJC_RUNTIME = NO;
				CODE_SIGN_IDENTITY = "";
				CODE_SIGN_STYLE = Manual;
				COMBINE_HIDPI_IMAGES = YES;
				CURRENT_PROJECT_VERSION = 4.1.0;
				DEPLOYMENT_LOCATION = NO;
				DEVELOPMENT_TEAM = Y69CWUC25B;
				FRAMEWORK_SEARCH_PATHS = "";
				GCC_ENABLE_TRIGRAPHS = NO;
				GCC_GENERATE_DEBUGGING_SYMBOLS = NO;
				GCC_PRECOMPILE_PREFIX_HEADER = YES;
				GCC_PREFIX_HEADER = "4D Plugin_Prefix.pch";
				GCC_WARN_ABOUT_MISSING_PROTOTYPES = NO;
				GCC_WARN_FOUR_CHARACTER_CONSTANTS = NO;
				GCC_WARN_UNKNOWN_PRAGMAS = NO;
				HEADER_SEARCH_PATHS = "";
				INFOPLIST_FILE = Info.plist;
				INSTALL_PATH = "$(HOME)/Library/Bundles";
				LIBRARY_SEARCH_PATHS = (
					"$(PROJECT_DIR)/stdc/a",
					"$(PROJECT_DIR)/a",
				);
				LIBRARY_STYLE = Bundle;
				OTHER_CFLAGS = "";
				OTHER_LDFLAGS = "";
				OTHER_REZFLAGS = "";
				PRODUCT_BUNDLE_IDENTIFIER = com.4D.MIME;
				PRODUCT_NAME = MIME;
				PROVISIONING_PROFILE_SPECIFIER = "";
				SECTORDER_FLAGS = "";
				USER_HEADER_SEARCH_PATHS = "include/gmime-3.0 include/glib-2.0 include/libjson";
				WARNING_CFLAGS = (
					"-Wmost",
					"-Wno-four-char-constants",
					"-Wno-unknown-pragmas",
				);
				WRAPPER_EXTENSION = bundle;
			};
			name = Default;
		};
		42D60B440A9DDBC8002ABB42 /* Development */ = {
			isa = XCBuildConfiguration;
			buildSettings = {
				ARCHS = "$(ARCHS_STANDARD)";
				CLANG_WARN_BLOCK_CAPTURE_AUTORELEASING = YES;
				CLANG_WARN_BOOL_CONVERSION = YES;
				CLANG_WARN_COMMA = YES;
				CLANG_WARN_CONSTANT_CONVERSION = YES;
				CLANG_WARN_DEPRECATED_OBJC_IMPLEMENTATIONS = YES;
				CLANG_WARN_EMPTY_BODY = YES;
				CLANG_WARN_ENUM_CONVERSION = YES;
				CLANG_WARN_INFINITE_RECURSION = YES;
				CLANG_WARN_INT_CONVERSION = YES;
				CLANG_WARN_NON_LITERAL_NULL_CONVERSION = YES;
				CLANG_WARN_OBJC_IMPLICIT_RETAIN_SELF = YES;
				CLANG_WARN_OBJC_LITERAL_CONVERSION = YES;
				CLANG_WARN_RANGE_LOOP_ANALYSIS = YES;
				CLANG_WARN_STRICT_PROTOTYPES = YES;
				CLANG_WARN_SUSPICIOUS_MOVE = YES;
				CLANG_WARN_UNREACHABLE_CODE = YES;
				CLANG_WARN__DUPLICATE_METHOD_MATCH = YES;
				CODE_SIGN_IDENTITY = "";
				CODE_SIGN_STYLE = Manual;
				CONFIGURATION_BUILD_DIR = "$(BUILD_DIR)";
				DEVELOPMENT_TEAM = Y69CWUC25B;
				ENABLE_STRICT_OBJC_MSGSEND = YES;
				GCC_INLINES_ARE_PRIVATE_EXTERN = YES;
				GCC_NO_COMMON_BLOCKS = YES;
				GCC_PREPROCESSOR_DEFINITIONS_NOT_USED_IN_PRECOMPS = NDEBUG;
				GCC_SYMBOLS_PRIVATE_EXTERN = YES;
				GCC_VERSION = "";
				GCC_WARN_64_TO_32_BIT_CONVERSION = YES;
				GCC_WARN_ABOUT_RETURN_TYPE = YES;
				GCC_WARN_UNDECLARED_SELECTOR = YES;
				GCC_WARN_UNINITIALIZED_AUTOS = YES;
				GCC_WARN_UNUSED_FUNCTION = YES;
				GCC_WARN_UNUSED_VARIABLE = YES;
				MACOSX_DEPLOYMENT_TARGET = 10.11;
				OBJROOT = "$(SRCROOT)/build";
				SDKROOT = macosx;
				SYMROOT = "$(SRCROOT)/$(PRODUCT_NAME).4dbase/Plugins";
				USER_HEADER_SEARCH_PATHS = "include/gmime-3.0 include/glib-2.0";
			};
			name = Development;
		};
		42D60B450A9DDBC8002ABB42 /* Deployment */ = {
			isa = XCBuildConfiguration;
			buildSettings = {
				ARCHS = "$(ARCHS_STANDARD)";
				CLANG_WARN_BLOCK_CAPTURE_AUTORELEASING = YES;
				CLANG_WARN_BOOL_CONVERSION = YES;
				CLANG_WARN_COMMA = YES;
				CLANG_WARN_CONSTANT_CONVERSION = YES;
				CLANG_WARN_DEPRECATED_OBJC_IMPLEMENTATIONS = YES;
				CLANG_WARN_EMPTY_BODY = YES;
				CLANG_WARN_ENUM_CONVERSION = YES;
				CLANG_WARN_INFINITE_RECURSION = YES;
				CLANG_WARN_INT_CONVERSION = YES;
				CLANG_WARN_NON_LITERAL_NULL_CONVERSION = YES;
				CLANG_WARN_OBJC_IMPLICIT_RETAIN_SELF = YES;
				CLANG_WARN_OBJC_LITERAL_CONVERSION = YES;
				CLANG_WARN_RANGE_LOOP_ANALYSIS = YES;
				CLANG_WARN_STRICT_PROTOTYPES = YES;
				CLANG_WARN_SUSPICIOUS_MOVE = YES;
				CLANG_WARN_UNREACHABLE_CODE = YES;
				CLANG_WARN__DUPLICATE_METHOD_MATCH = YES;
				CODE_SIGN_IDENTITY = "";
				CODE_SIGN_STYLE = Manual;
				CONFIGURATION_BUILD_DIR = "$(BUILD_DIR)";
				DEVELOPMENT_TEAM = Y69CWUC25B;
				ENABLE_STRICT_OBJC_MSGSEND = YES;
				GCC_INLINES_ARE_PRIVATE_EXTERN = YES;
				GCC_NO_COMMON_BLOCKS = YES;
				GCC_PREPROCESSOR_DEFINITIONS_NOT_USED_IN_PRECOMPS = NDEBUG;
				GCC_SYMBOLS_PRIVATE_EXTERN = YES;
				GCC_VERSION = "";
				GCC_WARN_64_TO_32_BIT_CONVERSION = YES;
				GCC_WARN_ABOUT_RETURN_TYPE = YES;
				GCC_WARN_UNDECLARED_SELECTOR = YES;
				GCC_WARN_UNINITIALIZED_AUTOS = YES;
				GCC_WARN_UNUSED_FUNCTION = YES;
				GCC_WARN_UNUSED_VARIABLE = YES;
				MACOSX_DEPLOYMENT_TARGET = 10.11;
				OBJROOT = "$(SRCROOT)/build";
				SDKROOT = macosx;
				SYMROOT = "$(SRCROOT)/$(PRODUCT_NAME).4dbase/Plugins";
				USER_HEADER_SEARCH_PATHS = "include/gmime-3.0 include/glib-2.0";
			};
			name = Deployment;
		};
		42D60B460A9DDBC8002ABB42 /* Default */ = {
			isa = XCBuildConfiguration;
			buildSettings = {
				ARCHS = "$(ARCHS_STANDARD)";
				CLANG_WARN_BLOCK_CAPTURE_AUTORELEASING = YES;
				CLANG_WARN_BOOL_CONVERSION = YES;
				CLANG_WARN_COMMA = YES;
				CLANG_WARN_CONSTANT_CONVERSION = YES;
				CLANG_WARN_DEPRECATED_OBJC_IMPLEMENTATIONS = YES;
				CLANG_WARN_EMPTY_BODY = YES;
				CLANG_WARN_ENUM_CONVERSION = YES;
				CLANG_WARN_INFINITE_RECURSION = YES;
				CLANG_WARN_INT_CONVERSION = YES;
				CLANG_WARN_NON_LITERAL_NULL_CONVERSION = YES;
				CLANG_WARN_OBJC_IMPLICIT_RETAIN_SELF = YES;
				CLANG_WARN_OBJC_LITERAL_CONVERSION = YES;
				CLANG_WARN_RANGE_LOOP_ANALYSIS = YES;
				CLANG_WARN_STRICT_PROTOTYPES = YES;
				CLANG_WARN_SUSPICIOUS_MOVE = YES;
				CLANG_WARN_UNREACHABLE_CODE = YES;
				CLANG_WARN__DUPLICATE_METHOD_MATCH = YES;
				CODE_SIGN_IDENTITY = "";
				CODE_SIGN_STYLE = Manual;
				DEVELOPMENT_TEAM = Y69CWUC25B;
				ENABLE_STRICT_OBJC_MSGSEND = YES;
				GCC_INLINES_ARE_PRIVATE_EXTERN = YES;
				GCC_NO_COMMON_BLOCKS = YES;
				GCC_PREPROCESSOR_DEFINITIONS_NOT_USED_IN_PRECOMPS = NDEBUG;
				GCC_SYMBOLS_PRIVATE_EXTERN = YES;
				GCC_VERSION = "";
				GCC_WARN_64_TO_32_BIT_CONVERSION = YES;
				GCC_WARN_ABOUT_RETURN_TYPE = YES;
				GCC_WARN_UNDECLARED_SELECTOR = YES;
				GCC_WARN_UNINITIALIZED_AUTOS = YES;
				GCC_WARN_UNUSED_FUNCTION = YES;
				GCC_WARN_UNUSED_VARIABLE = YES;
				MACOSX_DEPLOYMENT_TARGET = 10.11;
				SDKROOT = macosx;
				SYMROOT = "$(SRCROOT)/$(PRODUCT_NAME).4dbase/Plugins";
				USER_HEADER_SEARCH_PATHS = "include/gmime-3.0 include/glib-2.0";
			};
			name = Default;
		};
/* End XCBuildConfiguration section */

/* Begin XCConfigurationList section */
		42D60B3F0A9DDBC8002ABB42 /* Build configuration list for PBXNativeTarget "MIME" */ = {
			isa = XCConfigurationList;
			buildConfigurations = (
				42D60B400A9DDBC8002ABB42 /* Development */,
				42D60B410A9DDBC8002ABB42 /* Deployment */,
				42D60B420A9DDBC8002ABB42 /* Default */,
			);
			defaultConfigurationIsVisible = 0;
			defaultConfigurationName = Default;
		};
		42D60B430A9DDBC8002ABB42 /* Build configuration list for PBXProject "MIME" */ = {
			isa = XCConfigurationList;
			buildConfigurations = (
				42D60B440A9DDBC8002ABB42 /* Development */,
				42D60B450A9DDBC8002ABB42 /* Deployment */,
				42D60B460A9DDBC8002ABB42 /* Default */,
			);
			defaultConfigurationIsVisible = 0;
			defaultConfigurationName = Default;
		};
/* End XCConfigurationList section */
	};
	rootObject = 089C1669FE841209C02AAC07 /* Project object */;
}
